{
  "name": "@premui/angular-components",
  "version": "0.4.0",
  "lockfileVersion": 2,
  "requires": true,
  "packages": {
    "": {
      "name": "@premui/angular-components",
      "version": "0.4.0",
      "license": "UNLICENSED",
      "dependencies": {
        "@types/lodash": "^4.14.181",
        "@types/moment-timezone": "^0.5.30",
        "@types/string-similarity": "^4.0.0",
        "lodash": "^4.17.21",
        "moment": "^2.29.2",
        "moment-timezone": "^0.5.34",
        "rxjs": "^7.5.5",
        "string-similarity": "^4.0.4",
        "tslib": "^2.3.1"
      },
      "peerDependencies": {
        "@angular/animations": "~13.3.1",
        "@angular/common": "~13.3.1",
        "@angular/compiler": "~13.3.1",
        "@angular/core": "~13.3.1",
        "@angular/forms": "~13.3.1",
        "@angular/platform-browser": "~13.3.1",
        "@angular/platform-browser-dynamic": "~13.3.1",
        "@angular/router": "~13.3.1"
      }
    },
    "node_modules/@angular/animations": {
      "version": "13.3.1",
      "resolved": "https://registry.npmjs.org/@angular/animations/-/animations-13.3.1.tgz",
      "integrity": "sha512-O6DVOk++Bz8Bcz2AAnd1wz1OFzsy3XjmA4o1Mx+DNLRwrLvWHuq33rTVs0Pur7psiKz1lym9kMrY9YwE3s0SJA==",
      "peer": true,
      "dependencies": {
        "tslib": "^2.3.0"
      },
      "engines": {
        "node": "^12.20.0 || ^14.15.0 || >=16.10.0"
      },
      "peerDependencies": {
        "@angular/core": "13.3.1"
      }
    },
    "node_modules/@angular/common": {
      "version": "13.3.1",
      "resolved": "https://registry.npmjs.org/@angular/common/-/common-13.3.1.tgz",
      "integrity": "sha512-Var5ChoX8kZl9cbIWbW7Reb3Xz3t1c1XHwq1k+oK2fgrPdEfypY9n/6DxyXOtSEGb9aV7ZCaxcv2c5JUKR3OPg==",
      "peer": true,
      "dependencies": {
        "tslib": "^2.3.0"
      },
      "engines": {
        "node": "^12.20.0 || ^14.15.0 || >=16.10.0"
      },
      "peerDependencies": {
        "@angular/core": "13.3.1",
        "rxjs": "^6.5.3 || ^7.4.0"
      }
    },
    "node_modules/@angular/compiler": {
      "version": "13.3.1",
      "resolved": "https://registry.npmjs.org/@angular/compiler/-/compiler-13.3.1.tgz",
      "integrity": "sha512-ppJURRRDPZB6UaZctH6yBsznZXB7wZdCpfy5yo4lFE4k8rygfV80TmnrbJBZXNNq057VK48Bap1tsehFwckjog==",
      "peer": true,
      "dependencies": {
        "tslib": "^2.3.0"
      },
      "engines": {
        "node": "^12.20.0 || ^14.15.0 || >=16.10.0"
      }
    },
    "node_modules/@angular/core": {
      "version": "13.3.1",
      "resolved": "https://registry.npmjs.org/@angular/core/-/core-13.3.1.tgz",
      "integrity": "sha512-ZU/B9jEiZ0jadRkRL9Sb2btzqgQ0ylx380PfRQaojVIsij/EO6+jOSHIo5upMIGu/OvkggfweShJGlylCOrOXA==",
      "peer": true,
      "dependencies": {
        "tslib": "^2.3.0"
      },
      "engines": {
        "node": "^12.20.0 || ^14.15.0 || >=16.10.0"
      },
      "peerDependencies": {
        "rxjs": "^6.5.3 || ^7.4.0",
        "zone.js": "~0.11.4"
      }
    },
    "node_modules/@angular/forms": {
      "version": "13.3.1",
      "resolved": "https://registry.npmjs.org/@angular/forms/-/forms-13.3.1.tgz",
      "integrity": "sha512-S6a/CEq1ht0vw2epuESiO551dsyLQTb/HuwceIBlsX2JqRRccynYlyx92gsDAo4hD2F0q+EeqZEPuq3oQIK43A==",
      "peer": true,
      "dependencies": {
        "tslib": "^2.3.0"
      },
      "engines": {
        "node": "^12.20.0 || ^14.15.0 || >=16.10.0"
      },
      "peerDependencies": {
        "@angular/common": "13.3.1",
        "@angular/core": "13.3.1",
        "@angular/platform-browser": "13.3.1",
        "rxjs": "^6.5.3 || ^7.4.0"
      }
    },
    "node_modules/@angular/platform-browser": {
      "version": "13.3.1",
      "resolved": "https://registry.npmjs.org/@angular/platform-browser/-/platform-browser-13.3.1.tgz",
      "integrity": "sha512-WtyrkK0pLYj6w7pz3xk8zlhWL1NwGCWT+k7YxEjBOONCIXlZvCqWVzWo4nNQn9Xqxd+z1FVI0dssDwZm2TD+Eg==",
      "peer": true,
      "dependencies": {
        "tslib": "^2.3.0"
      },
      "engines": {
        "node": "^12.20.0 || ^14.15.0 || >=16.10.0"
      },
      "peerDependencies": {
        "@angular/animations": "13.3.1",
        "@angular/common": "13.3.1",
        "@angular/core": "13.3.1"
      },
      "peerDependenciesMeta": {
        "@angular/animations": {
          "optional": true
        }
      }
    },
    "node_modules/@angular/platform-browser-dynamic": {
      "version": "13.3.1",
      "resolved": "https://registry.npmjs.org/@angular/platform-browser-dynamic/-/platform-browser-dynamic-13.3.1.tgz",
      "integrity": "sha512-TKV63SSyjrv5EsD03PloCbo8ZrJq5owkJ38E2FO/VvJAV3xu3Ey0SnoikNZMd8o3rh7+ocuT5K9Xcr4YuKVgEA==",
      "peer": true,
      "dependencies": {
        "tslib": "^2.3.0"
      },
      "engines": {
        "node": "^12.20.0 || ^14.15.0 || >=16.10.0"
      },
      "peerDependencies": {
        "@angular/common": "13.3.1",
        "@angular/compiler": "13.3.1",
        "@angular/core": "13.3.1",
        "@angular/platform-browser": "13.3.1"
      }
    },
    "node_modules/@angular/router": {
      "version": "13.3.1",
      "resolved": "https://registry.npmjs.org/@angular/router/-/router-13.3.1.tgz",
      "integrity": "sha512-YpZLjI4UI9KK6x8yn41XMrBWZgVb5JyJR7KNhQXB7WiX8bVH5SZzFRkjR3qUxTGaxe6I7KFvzySwm4JTYNj+xw==",
      "peer": true,
      "dependencies": {
        "tslib": "^2.3.0"
      },
      "engines": {
        "node": "^12.20.0 || ^14.15.0 || >=16.10.0"
      },
      "peerDependencies": {
        "@angular/common": "13.3.1",
        "@angular/core": "13.3.1",
        "@angular/platform-browser": "13.3.1",
        "rxjs": "^6.5.3 || ^7.4.0"
      }
    },
    "node_modules/@types/lodash": {
      "version": "4.14.181",
      "resolved": "https://registry.npmjs.org/@types/lodash/-/lodash-4.14.181.tgz",
      "integrity": "sha512-n3tyKthHJbkiWhDZs3DkhkCzt2MexYHXlX0td5iMplyfwketaOeKboEVBqzceH7juqvEg3q5oUoBFxSLu7zFag=="
    },
    "node_modules/@types/moment-timezone": {
      "version": "0.5.30",
      "resolved": "https://registry.npmjs.org/@types/moment-timezone/-/moment-timezone-0.5.30.tgz",
      "integrity": "sha512-aDVfCsjYnAQaV/E9Qc24C5Njx1CoDjXsEgkxtp9NyXDpYu4CCbmclb6QhWloS9UTU/8YROUEEdEkWI0D7DxnKg==",
      "deprecated": "This is a stub types definition. moment-timezone provides its own type definitions, so you do not need this installed.",
      "dependencies": {
        "moment-timezone": "*"
      }
    },
    "node_modules/@types/string-similarity": {
      "version": "4.0.0",
      "resolved": "https://registry.npmjs.org/@types/string-similarity/-/string-similarity-4.0.0.tgz",
      "integrity": "sha512-dMS4S07fbtY1AILG/RhuwmptmzK1Ql8scmAebOTJ/8iBtK/KI17NwGwKzu1uipjj8Kk+3mfPxum56kKZE93mzQ=="
    },
    "node_modules/lodash": {
      "version": "4.17.21",
      "resolved": "https://registry.npmjs.org/lodash/-/lodash-4.17.21.tgz",
      "integrity": "sha512-v2kDEe57lecTulaDIuNTPy3Ry4gLGJ6Z1O3vE1krgXZNrsQ+LFTGHVxVjcXPs17LhbZVGedAJv8XZ1tvj5FvSg=="
    },
    "node_modules/moment": {
      "version": "2.29.2",
      "resolved": "https://registry.npmjs.org/moment/-/moment-2.29.2.tgz",
      "integrity": "sha512-UgzG4rvxYpN15jgCmVJwac49h9ly9NurikMWGPdVxm8GZD6XjkKPxDTjQQ43gtGgnV3X0cAyWDdP2Wexoquifg==",
      "engines": {
        "node": "*"
      }
    },
    "node_modules/moment-timezone": {
      "version": "0.5.34",
      "resolved": "https://registry.npmjs.org/moment-timezone/-/moment-timezone-0.5.34.tgz",
      "integrity": "sha512-3zAEHh2hKUs3EXLESx/wsgw6IQdusOT8Bxm3D9UrHPQR7zlMmzwybC8zHEM1tQ4LJwP7fcxrWr8tuBg05fFCbg==",
      "dependencies": {
        "moment": ">= 2.9.0"
      },
      "engines": {
        "node": "*"
      }
    },
    "node_modules/rxjs": {
      "version": "7.5.5",
      "resolved": "https://registry.npmjs.org/rxjs/-/rxjs-7.5.5.tgz",
      "integrity": "sha512-sy+H0pQofO95VDmFLzyaw9xNJU4KTRSwQIGM6+iG3SypAtCiLDzpeG8sJrNCWn2Up9km+KhkvTdbkrdy+yzZdw==",
      "dependencies": {
        "tslib": "^2.1.0"
      }
    },
    "node_modules/string-similarity": {
      "version": "4.0.4",
      "resolved": "https://registry.npmjs.org/string-similarity/-/string-similarity-4.0.4.tgz",
      "integrity": "sha512-/q/8Q4Bl4ZKAPjj8WerIBJWALKkaPRfrvhfF8k/B23i4nzrlRj2/go1m90In7nG/3XDSbOo0+pu6RvCTM9RGMQ=="
    },
    "node_modules/tslib": {
      "version": "2.3.1",
      "resolved": "https://registry.npmjs.org/tslib/-/tslib-2.3.1.tgz",
      "integrity": "sha512-77EbyPPpMz+FRFRuAFlWMtmgUWGe9UOG2Z25NqCwiIjRhOf5iKGuzSe5P2w1laq+FkRy4p+PCuVkJSGkzTEKVw=="
    },
    "node_modules/zone.js": {
      "version": "0.11.5",
      "resolved": "https://registry.npmjs.org/zone.js/-/zone.js-0.11.5.tgz",
      "integrity": "sha512-D1/7VxEuQ7xk6z/kAROe4SUbd9CzxY4zOwVGnGHerd/SgLIVU5f4esDzQUsOCeArn933BZfWMKydH7l7dPEp0g==",
      "peer": true,
      "dependencies": {
        "tslib": "^2.3.0"
      }
    }
  },
  "dependencies": {
    "@angular/animations": {
      "version": "13.3.1",
      "resolved": "https://registry.npmjs.org/@angular/animations/-/animations-13.3.1.tgz",
      "integrity": "sha512-O6DVOk++Bz8Bcz2AAnd1wz1OFzsy3XjmA4o1Mx+DNLRwrLvWHuq33rTVs0Pur7psiKz1lym9kMrY9YwE3s0SJA==",
      "peer": true,
      "requires": {
        "tslib": "^2.3.0"
      }
    },
    "@angular/common": {
      "version": "13.3.1",
      "resolved": "https://registry.npmjs.org/@angular/common/-/common-13.3.1.tgz",
      "integrity": "sha512-Var5ChoX8kZl9cbIWbW7Reb3Xz3t1c1XHwq1k+oK2fgrPdEfypY9n/6DxyXOtSEGb9aV7ZCaxcv2c5JUKR3OPg==",
      "peer": true,
      "requires": {
        "tslib": "^2.3.0"
      }
    },
    "@angular/compiler": {
      "version": "13.3.1",
      "resolved": "https://registry.npmjs.org/@angular/compiler/-/compiler-13.3.1.tgz",
      "integrity": "sha512-ppJURRRDPZB6UaZctH6yBsznZXB7wZdCpfy5yo4lFE4k8rygfV80TmnrbJBZXNNq057VK48Bap1tsehFwckjog==",
      "peer": true,
      "requires": {
        "tslib": "^2.3.0"
      }
    },
    "@angular/core": {
      "version": "13.3.1",
      "resolved": "https://registry.npmjs.org/@angular/core/-/core-13.3.1.tgz",
      "integrity": "sha512-ZU/B9jEiZ0jadRkRL9Sb2btzqgQ0ylx380PfRQaojVIsij/EO6+jOSHIo5upMIGu/OvkggfweShJGlylCOrOXA==",
      "peer": true,
      "requires": {
        "tslib": "^2.3.0"
      }
    },
    "@angular/forms": {
      "version": "13.3.1",
      "resolved": "https://registry.npmjs.org/@angular/forms/-/forms-13.3.1.tgz",
      "integrity": "sha512-S6a/CEq1ht0vw2epuESiO551dsyLQTb/HuwceIBlsX2JqRRccynYlyx92gsDAo4hD2F0q+EeqZEPuq3oQIK43A==",
      "peer": true,
      "requires": {
        "tslib": "^2.3.0"
      }
    },
    "@angular/platform-browser": {
      "version": "13.3.1",
      "resolved": "https://registry.npmjs.org/@angular/platform-browser/-/platform-browser-13.3.1.tgz",
      "integrity": "sha512-WtyrkK0pLYj6w7pz3xk8zlhWL1NwGCWT+k7YxEjBOONCIXlZvCqWVzWo4nNQn9Xqxd+z1FVI0dssDwZm2TD+Eg==",
      "peer": true,
      "requires": {
        "tslib": "^2.3.0"
      }
    },
    "@angular/platform-browser-dynamic": {
      "version": "13.3.1",
      "resolved": "https://registry.npmjs.org/@angular/platform-browser-dynamic/-/platform-browser-dynamic-13.3.1.tgz",
      "integrity": "sha512-TKV63SSyjrv5EsD03PloCbo8ZrJq5owkJ38E2FO/VvJAV3xu3Ey0SnoikNZMd8o3rh7+ocuT5K9Xcr4YuKVgEA==",
      "peer": true,
      "requires": {
        "tslib": "^2.3.0"
      }
    },
    "@angular/router": {
      "version": "13.3.1",
      "resolved": "https://registry.npmjs.org/@angular/router/-/router-13.3.1.tgz",
      "integrity": "sha512-YpZLjI4UI9KK6x8yn41XMrBWZgVb5JyJR7KNhQXB7WiX8bVH5SZzFRkjR3qUxTGaxe6I7KFvzySwm4JTYNj+xw==",
      "peer": true,
      "requires": {
        "tslib": "^2.3.0"
      }
    },
    "@types/lodash": {
      "version": "4.14.181",
      "resolved": "https://registry.npmjs.org/@types/lodash/-/lodash-4.14.181.tgz",
      "integrity": "sha512-n3tyKthHJbkiWhDZs3DkhkCzt2MexYHXlX0td5iMplyfwketaOeKboEVBqzceH7juqvEg3q5oUoBFxSLu7zFag=="
    },
    "@types/moment-timezone": {
      "version": "0.5.30",
      "resolved": "https://registry.npmjs.org/@types/moment-timezone/-/moment-timezone-0.5.30.tgz",
      "integrity": "sha512-aDVfCsjYnAQaV/E9Qc24C5Njx1CoDjXsEgkxtp9NyXDpYu4CCbmclb6QhWloS9UTU/8YROUEEdEkWI0D7DxnKg==",
      "requires": {
        "moment-timezone": "*"
      }
    },
    "@types/string-similarity": {
      "version": "4.0.0",
      "resolved": "https://registry.npmjs.org/@types/string-similarity/-/string-similarity-4.0.0.tgz",
      "integrity": "sha512-dMS4S07fbtY1AILG/RhuwmptmzK1Ql8scmAebOTJ/8iBtK/KI17NwGwKzu1uipjj8Kk+3mfPxum56kKZE93mzQ=="
    },
    "lodash": {
      "version": "4.17.21",
      "resolved": "https://registry.npmjs.org/lodash/-/lodash-4.17.21.tgz",
      "integrity": "sha512-v2kDEe57lecTulaDIuNTPy3Ry4gLGJ6Z1O3vE1krgXZNrsQ+LFTGHVxVjcXPs17LhbZVGedAJv8XZ1tvj5FvSg=="
    },
    "moment": {
      "version": "2.29.2",
      "resolved": "https://registry.npmjs.org/moment/-/moment-2.29.2.tgz",
      "integrity": "sha512-UgzG4rvxYpN15jgCmVJwac49h9ly9NurikMWGPdVxm8GZD6XjkKPxDTjQQ43gtGgnV3X0cAyWDdP2Wexoquifg=="
    },
    "moment-timezone": {
      "version": "0.5.34",
      "resolved": "https://registry.npmjs.org/moment-timezone/-/moment-timezone-0.5.34.tgz",
      "integrity": "sha512-3zAEHh2hKUs3EXLESx/wsgw6IQdusOT8Bxm3D9UrHPQR7zlMmzwybC8zHEM1tQ4LJwP7fcxrWr8tuBg05fFCbg==",
      "requires": {
        "moment": ">= 2.9.0"
      }
    },
    "rxjs": {
      "version": "7.5.5",
      "resolved": "https://registry.npmjs.org/rxjs/-/rxjs-7.5.5.tgz",
      "integrity": "sha512-sy+H0pQofO95VDmFLzyaw9xNJU4KTRSwQIGM6+iG3SypAtCiLDzpeG8sJrNCWn2Up9km+KhkvTdbkrdy+yzZdw==",
      "requires": {
        "tslib": "^2.1.0"
      }
    },
    "string-similarity": {
      "version": "4.0.4",
      "resolved": "https://registry.npmjs.org/string-similarity/-/string-similarity-4.0.4.tgz",
      "integrity": "sha512-/q/8Q4Bl4ZKAPjj8WerIBJWALKkaPRfrvhfF8k/B23i4nzrlRj2/go1m90In7nG/3XDSbOo0+pu6RvCTM9RGMQ=="
    },
    "tslib": {
      "version": "2.3.1",
      "resolved": "https://registry.npmjs.org/tslib/-/tslib-2.3.1.tgz",
      "integrity": "sha512-77EbyPPpMz+FRFRuAFlWMtmgUWGe9UOG2Z25NqCwiIjRhOf5iKGuzSe5P2w1laq+FkRy4p+PCuVkJSGkzTEKVw=="
    },
    "zone.js": {
      "version": "0.11.5",
      "resolved": "https://registry.npmjs.org/zone.js/-/zone.js-0.11.5.tgz",
      "integrity": "sha512-D1/7VxEuQ7xk6z/kAROe4SUbd9CzxY4zOwVGnGHerd/SgLIVU5f4esDzQUsOCeArn933BZfWMKydH7l7dPEp0g==",
      "peer": true,
      "requires": {
        "tslib": "^2.3.0"
      }
    }
  }
}
